// !$*UTF8*$!
{
	archiveVersion = 1;
	classes = {
	};
	objectVersion = 50;
	objects = {

/* Begin PBXBuildFile section */
		F9EF11012140119200E4F068 /* AppDelegate.swift in Sources */ = {isa = PBXBuildFile; fileRef = F9EF11002140119200E4F068 /* AppDelegate.swift */; };
		F9EF11062140119200E4F068 /* Main.storyboard in Resources */ = {isa = PBXBuildFile; fileRef = F9EF11042140119200E4F068 /* Main.storyboard */; };
		F9EF11082140119300E4F068 /* Assets.xcassets in Resources */ = {isa = PBXBuildFile; fileRef = F9EF11072140119300E4F068 /* Assets.xcassets */; };
		F9EF110B2140119300E4F068 /* LaunchScreen.storyboard in Resources */ = {isa = PBXBuildFile; fileRef = F9EF11092140119300E4F068 /* LaunchScreen.storyboard */; };
		F9EF1117214011FE00E4F068 /* MeteoController.swift in Sources */ = {isa = PBXBuildFile; fileRef = F9EF1116214011FE00E4F068 /* MeteoController.swift */; };
		F9EF1119214012D200E4F068 /* LocalisationExtension.swift in Sources */ = {isa = PBXBuildFile; fileRef = F9EF1118214012D200E4F068 /* LocalisationExtension.swift */; };
		F9EF111C214019DE00E4F068 /* API.swift in Sources */ = {isa = PBXBuildFile; fileRef = F9EF111B214019DE00E4F068 /* API.swift */; };
/* End PBXBuildFile section */

/* Begin PBXFileReference section */
		F9EF10FD2140119200E4F068 /* CodabeeMeteo.app */ = {isa = PBXFileReference; explicitFileType = wrapper.application; includeInIndex = 0; path = CodabeeMeteo.app; sourceTree = BUILT_PRODUCTS_DIR; };
		F9EF11002140119200E4F068 /* AppDelegate.swift */ = {isa = PBXFileReference; lastKnownFileType = sourcecode.swift; path = AppDelegate.swift; sourceTree = "<group>"; };
		F9EF11052140119200E4F068 /* Base */ = {isa = PBXFileReference; lastKnownFileType = file.storyboard; name = Base; path = Base.lproj/Main.storyboard; sourceTree = "<group>"; };
		F9EF11072140119300E4F068 /* Assets.xcassets */ = {isa = PBXFileReference; lastKnownFileType = folder.assetcatalog; path = Assets.xcassets; sourceTree = "<group>"; };
		F9EF110A2140119300E4F068 /* Base */ = {isa = PBXFileReference; lastKnownFileType = file.storyboard; name = Base; path = Base.lproj/LaunchScreen.storyboard; sourceTree = "<group>"; };
		F9EF110C2140119300E4F068 /* Info.plist */ = {isa = PBXFileReference; lastKnownFileType = text.plist.xml; path = Info.plist; sourceTree = "<group>"; };
		F9EF1116214011FE00E4F068 /* MeteoController.swift */ = {isa = PBXFileReference; lastKnownFileType = sourcecode.swift; path = MeteoController.swift; sourceTree = "<group>"; };
		F9EF1118214012D200E4F068 /* LocalisationExtension.swift */ = {isa = PBXFileReference; lastKnownFileType = sourcecode.swift; path = LocalisationExtension.swift; sourceTree = "<group>"; };
		F9EF111B214019DE00E4F068 /* API.swift */ = {isa = PBXFileReference; lastKnownFileType = sourcecode.swift; path = API.swift; sourceTree = "<group>"; };
/* End PBXFileReference section */

/* Begin PBXFrameworksBuildPhase section */
		F9EF10FA2140119200E4F068 /* Frameworks */ = {
			isa = PBXFrameworksBuildPhase;
			buildActionMask = 2147483647;
			files = (
			);
			runOnlyForDeploymentPostprocessing = 0;
		};
/* End PBXFrameworksBuildPhase section */

/* Begin PBXGroup section */
		F9EF10F42140119200E4F068 = {
			isa = PBXGroup;
			children = (
				F9EF10FF2140119200E4F068 /* CodabeeMeteo */,
				F9EF10FE2140119200E4F068 /* Products */,
			);
			sourceTree = "<group>";
		};
		F9EF10FE2140119200E4F068 /* Products */ = {
			isa = PBXGroup;
			children = (
				F9EF10FD2140119200E4F068 /* CodabeeMeteo.app */,
			);
			name = Products;
			sourceTree = "<group>";
		};
		F9EF10FF2140119200E4F068 /* CodabeeMeteo */ = {
			isa = PBXGroup;
			children = (
				F9EF111A214019CD00E4F068 /* Ressources */,
				F9EF1114214011C000E4F068 /* Model */,
				F9EF1113214011B800E4F068 /* View */,
				F9EF1112214011AE00E4F068 /* Controller */,
				F9EF11002140119200E4F068 /* AppDelegate.swift */,
				F9EF11072140119300E4F068 /* Assets.xcassets */,
				F9EF1115214011C500E4F068 /* Storyboards */,
				F9EF110C2140119300E4F068 /* Info.plist */,
			);
			path = CodabeeMeteo;
			sourceTree = "<group>";
		};
		F9EF1112214011AE00E4F068 /* Controller */ = {
			isa = PBXGroup;
			children = (
				F9EF1116214011FE00E4F068 /* MeteoController.swift */,
				F9EF1118214012D200E4F068 /* LocalisationExtension.swift */,
			);
			path = Controller;
			sourceTree = "<group>";
		};
		F9EF1113214011B800E4F068 /* View */ = {
			isa = PBXGroup;
			children = (
			);
			path = View;
			sourceTree = "<group>";
		};
		F9EF1114214011C000E4F068 /* Model */ = {
			isa = PBXGroup;
			children = (
			);
			path = Model;
			sourceTree = "<group>";
		};
		F9EF1115214011C500E4F068 /* Storyboards */ = {
			isa = PBXGroup;
			children = (
				F9EF11092140119300E4F068 /* LaunchScreen.storyboard */,
				F9EF11042140119200E4F068 /* Main.storyboard */,
			);
			path = Storyboards;
			sourceTree = "<group>";
		};
		F9EF111A214019CD00E4F068 /* Ressources */ = {
			isa = PBXGroup;
			children = (
				F9EF111B214019DE00E4F068 /* API.swift */,
			);
			path = Ressources;
			sourceTree = "<group>";
		};
/* End PBXGroup section */

/* Begin PBXNativeTarget section */
		F9EF10FC2140119200E4F068 /* CodabeeMeteo */ = {
			isa = PBXNativeTarget;
			buildConfigurationList = F9EF110F2140119300E4F068 /* Build configuration list for PBXNativeTarget "CodabeeMeteo" */;
			buildPhases = (
				F9EF10F92140119200E4F068 /* Sources */,
				F9EF10FA2140119200E4F068 /* Frameworks */,
				F9EF10FB2140119200E4F068 /* Resources */,
			);
			buildRules = (
			);
			dependencies = (
			);
			name = CodabeeMeteo;
			productName = CodabeeMeteo;
			productReference = F9EF10FD2140119200E4F068 /* CodabeeMeteo.app */;
			productType = "com.apple.product-type.application";
		};
/* End PBXNativeTarget section */

/* Begin PBXProject section */
		F9EF10F52140119200E4F068 /* Project object */ = {
			isa = PBXProject;
			attributes = {
				LastSwiftUpdateCheck = 0940;
				LastUpgradeCheck = 0940;
				ORGANIZATIONNAME = Julien;
				TargetAttributes = {
					F9EF10FC2140119200E4F068 = {
						CreatedOnToolsVersion = 9.4.1;
					};
				};
			};
			buildConfigurationList = F9EF10F82140119200E4F068 /* Build configuration list for PBXProject "CodabeeMeteo" */;
			compatibilityVersion = "Xcode 9.3";
			developmentRegion = en;
			hasScannedForEncodings = 0;
			knownRegions = (
				en,
				Base,
			);
			mainGroup = F9EF10F42140119200E4F068;
			productRefGroup = F9EF10FE2140119200E4F068 /* Products */;
			projectDirPath = "";
			projectRoot = "";
			targets = (
				F9EF10FC2140119200E4F068 /* CodabeeMeteo */,
			);
		};
/* End PBXProject section */

/* Begin PBXResourcesBuildPhase section */
		F9EF10FB2140119200E4F068 /* Resources */ = {
			isa = PBXResourcesBuildPhase;
			buildActionMask = 2147483647;
			files = (
				F9EF110B2140119300E4F068 /* LaunchScreen.storyboard in Resources */,
				F9EF11082140119300E4F068 /* Assets.xcassets in Resources */,
				F9EF11062140119200E4F068 /* Main.storyboard in Resources */,
			);
			runOnlyForDeploymentPostprocessing = 0;
		};
/* End PBXResourcesBuildPhase section */

/* Begin PBXSourcesBuildPhase section */
		F9EF10F92140119200E4F068 /* Sources */ = {
			isa = PBXSourcesBuildPhase;
			buildActionMask = 2147483647;
			files = (
				F9EF1119214012D200E4F068 /* LocalisationExtension.swift in Sources */,
				F9EF1117214011FE00E4F068 /* MeteoController.swift in Sources */,
				F9EF111C214019DE00E4F068 /* API.swift in Sources */,
				F9EF11012140119200E4F068 /* AppDelegate.swift in Sources */,
			);
			runOnlyForDeploymentPostprocessing = 0;
		};
/* End PBXSourcesBuildPhase section */

/* Begin PBXVariantGroup section */
		F9EF11042140119200E4F068 /* Main.storyboard */ = {
			isa = PBXVariantGroup;
			children = (
				F9EF11052140119200E4F068 /* Base */,
			);
			name = Main.storyboard;
			sourceTree = "<group>";
		};
		F9EF11092140119300E4F068 /* LaunchScreen.storyboard */ = {
			isa = PBXVariantGroup;
			children = (
				F9EF110A2140119300E4F068 /* Base */,
			);
			name = LaunchScreen.storyboard;
			sourceTree = "<group>";
		};
/* End PBXVariantGroup section */

/* Begin XCBuildConfiguration section */
		F9EF110D2140119300E4F068 /* Debug */ = {
			isa = XCBuildConfiguration;
			buildSettings = {
				ALWAYS_SEARCH_USER_PATHS = NO;
				CLANG_ANALYZER_NONNULL = YES;
				CLANG_ANALYZER_NUMBER_OBJECT_CONVERSION = YES_AGGRESSIVE;
				CLANG_CXX_LANGUAGE_STANDARD = "gnu++14";
				CLANG_CXX_LIBRARY = "libc++";
				CLANG_ENABLE_MODULES = YES;
				CLANG_ENABLE_OBJC_ARC = YES;
				CLANG_ENABLE_OBJC_WEAK = YES;
				CLANG_WARN_BLOCK_CAPTURE_AUTORELEASING = YES;
				CLANG_WARN_BOOL_CONVERSION = YES;
				CLANG_WARN_COMMA = YES;
				CLANG_WARN_CONSTANT_CONVERSION = YES;
				CLANG_WARN_DEPRECATED_OBJC_IMPLEMENTATIONS = YES;
				CLANG_WARN_DIRECT_OBJC_ISA_USAGE = YES_ERROR;
				CLANG_WARN_DOCUMENTATION_COMMENTS = YES;
				CLANG_WARN_EMPTY_BODY = YES;
				CLANG_WARN_ENUM_CONVERSION = YES;
				CLANG_WARN_INFINITE_RECURSION = YES;
				CLANG_WARN_INT_CONVERSION = YES;
				CLANG_WARN_NON_LITERAL_NULL_CONVERSION = YES;
				CLANG_WARN_OBJC_IMPLICIT_RETAIN_SELF = YES;
				CLANG_WARN_OBJC_LITERAL_CONVERSION = YES;
				CLANG_WARN_OBJC_ROOT_CLASS = YES_ERROR;
				CLANG_WARN_RANGE_LOOP_ANALYSIS = YES;
				CLANG_WARN_STRICT_PROTOTYPES = YES;
				CLANG_WARN_SUSPICIOUS_MOVE = YES;
				CLANG_WARN_UNGUARDED_AVAILABILITY = YES_AGGRESSIVE;
				CLANG_WARN_UNREACHABLE_CODE = YES;
				CLANG_WARN__DUPLICATE_METHOD_MATCH = YES;
				CODE_SIGN_IDENTITY = "iPhone Developer";
				COPY_PHASE_STRIP = NO;
				DEBUG_INFORMATION_FORMAT = dwarf;
				ENABLE_STRICT_OBJC_MSGSEND = YES;
				ENABLE_TESTABILITY = YES;
				GCC_C_LANGUAGE_STANDARD = gnu11;
				GCC_DYNAMIC_NO_PIC = NO;
				GCC_NO_COMMON_BLOCKS = YES;
				GCC_OPTIMIZATION_LEVEL = 0;
				GCC_PREPROCESSOR_DEFINITIONS = (
					"DEBUG=1",
					"$(inherited)",
				);
				GCC_WARN_64_TO_32_BIT_CONVERSION = YES;
				GCC_WARN_ABOUT_RETURN_TYPE = YES_ERROR;
				GCC_WARN_UNDECLARED_SELECTOR = YES;
				GCC_WARN_UNINITIALIZED_AUTOS = YES_AGGRESSIVE;
				GCC_WARN_UNUSED_FUNCTION = YES;
				GCC_WARN_UNUSED_VARIABLE = YES;
				IPHONEOS_DEPLOYMENT_TARGET = 11.4;
				MTL_ENABLE_DEBUG_INFO = YES;
				ONLY_ACTIVE_ARCH = YES;
				SDKROOT = iphoneos;
				SWIFT_ACTIVE_COMPILATION_CONDITIONS = DEBUG;
				SWIFT_OPTIMIZATION_LEVEL = "-Onone";
			};
			name = Debug;
		};
		F9EF110E2140119300E4F068 /* Release */ = {
			isa = XCBuildConfiguration;
			buildSettings = {
				ALWAYS_SEARCH_USER_PATHS = NO;
				CLANG_ANALYZER_NONNULL = YES;
				CLANG_ANALYZER_NUMBER_OBJECT_CONVERSION = YES_AGGRESSIVE;
				CLANG_CXX_LANGUAGE_STANDARD = "gnu++14";
				CLANG_CXX_LIBRARY = "libc++";
				CLANG_ENABLE_MODULES = YES;
				CLANG_ENABLE_OBJC_ARC = YES;
				CLANG_ENABLE_OBJC_WEAK = YES;
				CLANG_WARN_BLOCK_CAPTURE_AUTORELEASING = YES;
				CLANG_WARN_BOOL_CONVERSION = YES;
				CLANG_WARN_COMMA = YES;
				CLANG_WARN_CONSTANT_CONVERSION = YES;
				CLANG_WARN_DEPRECATED_OBJC_IMPLEMENTATIONS = YES;
				CLANG_WARN_DIRECT_OBJC_ISA_USAGE = YES_ERROR;
				CLANG_WARN_DOCUMENTATION_COMMENTS = YES;
				CLANG_WARN_EMPTY_BODY = YES;
				CLANG_WARN_ENUM_CONVERSION = YES;
				CLANG_WARN_INFINITE_RECURSION = YES;
				CLANG_WARN_INT_CONVERSION = YES;
				CLANG_WARN_NON_LITERAL_NULL_CONVERSION = YES;
				CLANG_WARN_OBJC_IMPLICIT_RETAIN_SELF = YES;
				CLANG_WARN_OBJC_LITERAL_CONVERSION = YES;
				CLANG_WARN_OBJC_ROOT_CLASS = YES_ERROR;
				CLANG_WARN_RANGE_LOOP_ANALYSIS = YES;
				CLANG_WARN_STRICT_PROTOTYPES = YES;
				CLANG_WARN_SUSPICIOUS_MOVE = YES;
				CLANG_WARN_UNGUARDED_AVAILABILITY = YES_AGGRESSIVE;
				CLANG_WARN_UNREACHABLE_CODE = YES;
				CLANG_WARN__DUPLICATE_METHOD_MATCH = YES;
				CODE_SIGN_IDENTITY = "iPhone Developer";
				COPY_PHASE_STRIP = NO;
				DEBUG_INFORMATION_FORMAT = "dwarf-with-dsym";
				ENABLE_NS_ASSERTIONS = NO;
				ENABLE_STRICT_OBJC_MSGSEND = YES;
				GCC_C_LANGUAGE_STANDARD = gnu11;
				GCC_NO_COMMON_BLOCKS = YES;
				GCC_WARN_64_TO_32_BIT_CONVERSION = YES;
				GCC_WARN_ABOUT_RETURN_TYPE = YES_ERROR;
				GCC_WARN_UNDECLARED_SELECTOR = YES;
				GCC_WARN_UNINITIALIZED_AUTOS = YES_AGGRESSIVE;
				GCC_WARN_UNUSED_FUNCTION = YES;
				GCC_WARN_UNUSED_VARIABLE = YES;
				IPHONEOS_DEPLOYMENT_TARGET = 11.4;
				MTL_ENABLE_DEBUG_INFO = NO;
				SDKROOT = iphoneos;
				SWIFT_COMPILATION_MODE = wholemodule;
				SWIFT_OPTIMIZATION_LEVEL = "-O";
				VALIDATE_PRODUCT = YES;
			};
			name = Release;
		};
		F9EF11102140119300E4F068 /* Debug */ = {
			isa = XCBuildConfiguration;
			buildSettings = {
				ASSETCATALOG_COMPILER_APPICON_NAME = AppIcon;
				CODE_SIGN_STYLE = Automatic;
				INFOPLIST_FILE = CodabeeMeteo/Info.plist;
				LD_RUNPATH_SEARCH_PATHS = (
					"$(inherited)",
					"@executable_path/Frameworks",
				);
				PRODUCT_BUNDLE_IDENTIFIER = com.julien.CodabeeMeteo;
				PRODUCT_NAME = "$(TARGET_NAME)";
				SWIFT_VERSION = 4.0;
				TARGETED_DEVICE_FAMILY = "1,2";
			};
			name = Debug;
		};
		F9EF11112140119300E4F068 /* Release */ = {
			isa = XCBuildConfiguration;
			buildSettings = {
				ASSETCATALOG_COMPILER_APPICON_NAME = AppIcon;
				CODE_SIGN_STYLE = Automatic;
				INFOPLIST_FILE = CodabeeMeteo/Info.plist;
				LD_RUNPATH_SEARCH_PATHS = (
					"$(inherited)",
					"@executable_path/Frameworks",
				);
				PRODUCT_BUNDLE_IDENTIFIER = com.julien.CodabeeMeteo;
				PRODUCT_NAME = "$(TARGET_NAME)";
				SWIFT_VERSION = 4.0;
				TARGETED_DEVICE_FAMILY = "1,2";
			};
			name = Release;
		};
/* End XCBuildConfiguration section */

/* Begin XCConfigurationList section */
		F9EF10F82140119200E4F068 /* Build configuration list for PBXProject "CodabeeMeteo" */ = {
			isa = XCConfigurationList;
			buildConfigurations = (
				F9EF110D2140119300E4F068 /* Debug */,
				F9EF110E2140119300E4F068 /* Release */,
			);
			defaultConfigurationIsVisible = 0;
			defaultConfigurationName = Release;
		};
		F9EF110F2140119300E4F068 /* Build configuration list for PBXNativeTarget "CodabeeMeteo" */ = {
			isa = XCConfigurationList;
			buildConfigurations = (
				F9EF11102140119300E4F068 /* Debug */,
				F9EF11112140119300E4F068 /* Release */,
			);
			defaultConfigurationIsVisible = 0;
			defaultConfigurationName = Release;
		};
/* End XCConfigurationList section */
	};
	rootObject = F9EF10F52140119200E4F068 /* Project object */;
}
